// !$*UTF8*$!
{
	archiveVersion = 1;
	classes = {
	};
	objectVersion = 46;
	objects = {

/* Begin PBXBuildFile section */
		FE411C431DCEEA68008055B9 /* Character.extension.swift in Sources */ = {isa = PBXBuildFile; fileRef = OBJ_9 /* Character.extension.swift */; };
		FE411C441DCEEA68008055B9 /* String.CharacterView.extension.swift in Sources */ = {isa = PBXBuildFile; fileRef = OBJ_10 /* String.CharacterView.extension.swift */; };
		FE411C451DCEEA68008055B9 /* String.extension.swift in Sources */ = {isa = PBXBuildFile; fileRef = OBJ_11 /* String.extension.swift */; };
		FE411C501DCEEA72008055B9 /* CharacterTests.swift in Sources */ = {isa = PBXBuildFile; fileRef = OBJ_14 /* CharacterTests.swift */; };
		FE411C511DCEEA72008055B9 /* String.CharacterViewTests.swift.swift in Sources */ = {isa = PBXBuildFile; fileRef = OBJ_15 /* String.CharacterViewTests.swift.swift */; };
		FE411C521DCEEA72008055B9 /* StringTests.swift in Sources */ = {isa = PBXBuildFile; fileRef = OBJ_16 /* StringTests.swift */; };
		FE411C541DCEEA72008055B9 /* SwiftyStringExtension.framework in Frameworks */ = {isa = PBXBuildFile; fileRef = OBJ_18 /* SwiftyStringExtension.framework */; };
		OBJ_25 /* Character.extension.swift in Sources */ = {isa = PBXBuildFile; fileRef = OBJ_9 /* Character.extension.swift */; };
		OBJ_26 /* String.CharacterView.extension.swift in Sources */ = {isa = PBXBuildFile; fileRef = OBJ_10 /* String.CharacterView.extension.swift */; };
		OBJ_27 /* String.extension.swift in Sources */ = {isa = PBXBuildFile; fileRef = OBJ_11 /* String.extension.swift */; };
		OBJ_34 /* CharacterTests.swift in Sources */ = {isa = PBXBuildFile; fileRef = OBJ_14 /* CharacterTests.swift */; };
		OBJ_35 /* String.CharacterViewTests.swift.swift in Sources */ = {isa = PBXBuildFile; fileRef = OBJ_15 /* String.CharacterViewTests.swift.swift */; };
		OBJ_36 /* StringTests.swift in Sources */ = {isa = PBXBuildFile; fileRef = OBJ_16 /* StringTests.swift */; };
		OBJ_38 /* SwiftyStringExtension.framework in Frameworks */ = {isa = PBXBuildFile; fileRef = OBJ_18 /* SwiftyStringExtension.framework */; };
/* End PBXBuildFile section */

/* Begin PBXContainerItemProxy section */
		FE411C5A1DCEEAAC008055B9 /* PBXContainerItemProxy */ = {
			isa = PBXContainerItemProxy;
			containerPortal = OBJ_1 /* Project object */;
			proxyType = 1;
			remoteGlobalIDString = FE411C411DCEEA68008055B9;
			remoteInfo = "SwiftyStringExtension-macOS";
		};
		FE8CD07E1DCEE79500A81BD6 /* PBXContainerItemProxy */ = {
			isa = PBXContainerItemProxy;
			containerPortal = OBJ_1 /* Project object */;
			proxyType = 1;
			remoteGlobalIDString = OBJ_20;
			remoteInfo = SwiftyStringExtension;
		};
/* End PBXContainerItemProxy section */

/* Begin PBXFileReference section */
		FE411C401DCEE9F5008055B9 /* Playground.playground */ = {isa = PBXFileReference; lastKnownFileType = file.playground; path = Playground.playground; sourceTree = "<group>"; };
		FE411C4A1DCEEA68008055B9 /* SwiftyStringExtension.framework */ = {isa = PBXFileReference; explicitFileType = wrapper.framework; includeInIndex = 0; path = SwiftyStringExtension.framework; sourceTree = BUILT_PRODUCTS_DIR; };
		FE411C581DCEEA72008055B9 /* SwiftyStringExtensionTests.xctest */ = {isa = PBXFileReference; explicitFileType = wrapper.cfbundle; includeInIndex = 0; path = SwiftyStringExtensionTests.xctest; sourceTree = BUILT_PRODUCTS_DIR; };
		OBJ_10 /* String.CharacterView.extension.swift */ = {isa = PBXFileReference; lastKnownFileType = sourcecode.swift; path = String.CharacterView.extension.swift; sourceTree = "<group>"; };
		OBJ_11 /* String.extension.swift */ = {isa = PBXFileReference; lastKnownFileType = sourcecode.swift; path = String.extension.swift; sourceTree = "<group>"; };
		OBJ_14 /* CharacterTests.swift */ = {isa = PBXFileReference; lastKnownFileType = sourcecode.swift; path = CharacterTests.swift; sourceTree = "<group>"; };
		OBJ_15 /* String.CharacterViewTests.swift.swift */ = {isa = PBXFileReference; lastKnownFileType = sourcecode.swift; path = String.CharacterViewTests.swift.swift; sourceTree = "<group>"; };
		OBJ_16 /* StringTests.swift */ = {isa = PBXFileReference; lastKnownFileType = sourcecode.swift; path = StringTests.swift; sourceTree = "<group>"; };
		OBJ_18 /* SwiftyStringExtension.framework */ = {isa = PBXFileReference; explicitFileType = wrapper.framework; path = SwiftyStringExtension.framework; sourceTree = BUILT_PRODUCTS_DIR; };
		OBJ_19 /* SwiftyStringExtensionTests.xctest */ = {isa = PBXFileReference; explicitFileType = wrapper.cfbundle; path = SwiftyStringExtensionTests.xctest; sourceTree = BUILT_PRODUCTS_DIR; };
		OBJ_6 /* Package.swift */ = {isa = PBXFileReference; explicitFileType = sourcecode.swift; path = Package.swift; sourceTree = "<group>"; };
		OBJ_9 /* Character.extension.swift */ = {isa = PBXFileReference; lastKnownFileType = sourcecode.swift; path = Character.extension.swift; sourceTree = "<group>"; };
/* End PBXFileReference section */

/* Begin PBXFrameworksBuildPhase section */
		FE411C461DCEEA68008055B9 /* Frameworks */ = {
			isa = PBXFrameworksBuildPhase;
			buildActionMask = 0;
			files = (
			);
			runOnlyForDeploymentPostprocessing = 0;
		};
		FE411C531DCEEA72008055B9 /* Frameworks */ = {
			isa = PBXFrameworksBuildPhase;
			buildActionMask = 0;
			files = (
				FE411C541DCEEA72008055B9 /* SwiftyStringExtension.framework in Frameworks */,
			);
			runOnlyForDeploymentPostprocessing = 0;
		};
		OBJ_28 /* Frameworks */ = {
			isa = PBXFrameworksBuildPhase;
			buildActionMask = 0;
			files = (
			);
			runOnlyForDeploymentPostprocessing = 0;
		};
		OBJ_37 /* Frameworks */ = {
			isa = PBXFrameworksBuildPhase;
			buildActionMask = 0;
			files = (
				OBJ_38 /* SwiftyStringExtension.framework in Frameworks */,
			);
			runOnlyForDeploymentPostprocessing = 0;
		};
/* End PBXFrameworksBuildPhase section */

/* Begin PBXGroup section */
		OBJ_12 /* Tests */ = {
			isa = PBXGroup;
			children = (
				OBJ_13 /* SwiftyStringExtensionTests */,
			);
			path = Tests;
			sourceTree = "<group>";
		};
		OBJ_13 /* SwiftyStringExtensionTests */ = {
			isa = PBXGroup;
			children = (
				OBJ_14 /* CharacterTests.swift */,
				OBJ_15 /* String.CharacterViewTests.swift.swift */,
				OBJ_16 /* StringTests.swift */,
			);
			name = SwiftyStringExtensionTests;
			path = Tests/SwiftyStringExtensionTests;
			sourceTree = SOURCE_ROOT;
		};
		OBJ_17 /* Products */ = {
			isa = PBXGroup;
			children = (
				OBJ_18 /* SwiftyStringExtension.framework */,
				OBJ_19 /* SwiftyStringExtensionTests.xctest */,
				FE411C4A1DCEEA68008055B9 /* SwiftyStringExtension.framework */,
				FE411C581DCEEA72008055B9 /* SwiftyStringExtensionTests.xctest */,
			);
			name = Products;
			sourceTree = BUILT_PRODUCTS_DIR;
		};
		OBJ_5 = {
			isa = PBXGroup;
			children = (
				FE411C401DCEE9F5008055B9 /* Playground.playground */,
				OBJ_6 /* Package.swift */,
				OBJ_7 /* Sources */,
				OBJ_12 /* Tests */,
				OBJ_17 /* Products */,
			);
			sourceTree = "<group>";
		};
		OBJ_7 /* Sources */ = {
			isa = PBXGroup;
			children = (
				OBJ_8 /* SwiftyStringExtension */,
			);
			path = Sources;
			sourceTree = "<group>";
		};
		OBJ_8 /* SwiftyStringExtension */ = {
			isa = PBXGroup;
			children = (
				OBJ_9 /* Character.extension.swift */,
				OBJ_10 /* String.CharacterView.extension.swift */,
				OBJ_11 /* String.extension.swift */,
			);
			name = SwiftyStringExtension;
			path = Sources;
			sourceTree = SOURCE_ROOT;
		};
/* End PBXGroup section */

/* Begin PBXNativeTarget section */
		FE411C411DCEEA68008055B9 /* SwiftyStringExtension-macOS */ = {
			isa = PBXNativeTarget;
			buildConfigurationList = FE411C471DCEEA68008055B9 /* Build configuration list for PBXNativeTarget "SwiftyStringExtension-macOS" */;
			buildPhases = (
				FE411C421DCEEA68008055B9 /* Sources */,
				FE411C461DCEEA68008055B9 /* Frameworks */,
			);
			buildRules = (
			);
			dependencies = (
			);
			name = "SwiftyStringExtension-macOS";
			productName = SwiftyStringExtension;
			productReference = FE411C4A1DCEEA68008055B9 /* SwiftyStringExtension.framework */;
			productType = "com.apple.product-type.framework";
		};
		FE411C4C1DCEEA72008055B9 /* SwiftyStringExtensionTests-macOS */ = {
			isa = PBXNativeTarget;
			buildConfigurationList = FE411C551DCEEA72008055B9 /* Build configuration list for PBXNativeTarget "SwiftyStringExtensionTests-macOS" */;
			buildPhases = (
				FE411C4F1DCEEA72008055B9 /* Sources */,
				FE411C531DCEEA72008055B9 /* Frameworks */,
			);
			buildRules = (
			);
			dependencies = (
				FE411C5B1DCEEAAC008055B9 /* PBXTargetDependency */,
			);
			name = "SwiftyStringExtensionTests-macOS";
			productName = SwiftyStringExtensionTests;
			productReference = FE411C581DCEEA72008055B9 /* SwiftyStringExtensionTests.xctest */;
			productType = "com.apple.product-type.bundle.unit-test";
		};
		OBJ_20 /* SwiftyStringExtension-iOS */ = {
			isa = PBXNativeTarget;
			buildConfigurationList = OBJ_21 /* Build configuration list for PBXNativeTarget "SwiftyStringExtension-iOS" */;
			buildPhases = (
				OBJ_24 /* Sources */,
				OBJ_28 /* Frameworks */,
			);
			buildRules = (
			);
			dependencies = (
			);
			name = "SwiftyStringExtension-iOS";
			productName = SwiftyStringExtension;
			productReference = OBJ_18 /* SwiftyStringExtension.framework */;
			productType = "com.apple.product-type.framework";
		};
		OBJ_29 /* SwiftyStringExtensionTests-iOS */ = {
			isa = PBXNativeTarget;
			buildConfigurationList = OBJ_30 /* Build configuration list for PBXNativeTarget "SwiftyStringExtensionTests-iOS" */;
			buildPhases = (
				OBJ_33 /* Sources */,
				OBJ_37 /* Frameworks */,
			);
			buildRules = (
			);
			dependencies = (
				OBJ_39 /* PBXTargetDependency */,
			);
			name = "SwiftyStringExtensionTests-iOS";
			productName = SwiftyStringExtensionTests;
			productReference = OBJ_19 /* SwiftyStringExtensionTests.xctest */;
			productType = "com.apple.product-type.bundle.unit-test";
		};
/* End PBXNativeTarget section */

/* Begin PBXProject section */
		OBJ_1 /* Project object */ = {
			isa = PBXProject;
			attributes = {
				LastUpgradeCheck = 9999;
			};
			buildConfigurationList = OBJ_2 /* Build configuration list for PBXProject "SwiftyStringExtension" */;
			compatibilityVersion = "Xcode 3.2";
			developmentRegion = English;
			hasScannedForEncodings = 0;
			knownRegions = (
				en,
			);
			mainGroup = OBJ_5;
			productRefGroup = OBJ_17 /* Products */;
			projectDirPath = "";
			projectRoot = "";
			targets = (
				OBJ_20 /* SwiftyStringExtension-iOS */,
				OBJ_29 /* SwiftyStringExtensionTests-iOS */,
				FE411C411DCEEA68008055B9 /* SwiftyStringExtension-macOS */,
				FE411C4C1DCEEA72008055B9 /* SwiftyStringExtensionTests-macOS */,
			);
		};
/* End PBXProject section */

/* Begin PBXSourcesBuildPhase section */
		FE411C421DCEEA68008055B9 /* Sources */ = {
			isa = PBXSourcesBuildPhase;
			buildActionMask = 0;
			files = (
				FE411C431DCEEA68008055B9 /* Character.extension.swift in Sources */,
				FE411C441DCEEA68008055B9 /* String.CharacterView.extension.swift in Sources */,
				FE411C451DCEEA68008055B9 /* String.extension.swift in Sources */,
			);
			runOnlyForDeploymentPostprocessing = 0;
		};
		FE411C4F1DCEEA72008055B9 /* Sources */ = {
			isa = PBXSourcesBuildPhase;
			buildActionMask = 0;
			files = (
				FE411C501DCEEA72008055B9 /* CharacterTests.swift in Sources */,
				FE411C511DCEEA72008055B9 /* String.CharacterViewTests.swift.swift in Sources */,
				FE411C521DCEEA72008055B9 /* StringTests.swift in Sources */,
			);
			runOnlyForDeploymentPostprocessing = 0;
		};
		OBJ_24 /* Sources */ = {
			isa = PBXSourcesBuildPhase;
			buildActionMask = 0;
			files = (
				OBJ_25 /* Character.extension.swift in Sources */,
				OBJ_26 /* String.CharacterView.extension.swift in Sources */,
				OBJ_27 /* String.extension.swift in Sources */,
			);
			runOnlyForDeploymentPostprocessing = 0;
		};
		OBJ_33 /* Sources */ = {
			isa = PBXSourcesBuildPhase;
			buildActionMask = 0;
			files = (
				OBJ_34 /* CharacterTests.swift in Sources */,
				OBJ_35 /* String.CharacterViewTests.swift.swift in Sources */,
				OBJ_36 /* StringTests.swift in Sources */,
			);
			runOnlyForDeploymentPostprocessing = 0;
		};
/* End PBXSourcesBuildPhase section */

/* Begin PBXTargetDependency section */
		FE411C5B1DCEEAAC008055B9 /* PBXTargetDependency */ = {
			isa = PBXTargetDependency;
			target = FE411C411DCEEA68008055B9 /* SwiftyStringExtension-macOS */;
			targetProxy = FE411C5A1DCEEAAC008055B9 /* PBXContainerItemProxy */;
		};
		OBJ_39 /* PBXTargetDependency */ = {
			isa = PBXTargetDependency;
			target = OBJ_20 /* SwiftyStringExtension-iOS */;
			targetProxy = FE8CD07E1DCEE79500A81BD6 /* PBXContainerItemProxy */;
		};
/* End PBXTargetDependency section */

/* Begin XCBuildConfiguration section */
		FE411C481DCEEA68008055B9 /* Debug */ = {
			isa = XCBuildConfiguration;
			buildSettings = {
				ENABLE_TESTABILITY = YES;
				FRAMEWORK_SEARCH_PATHS = "$(PLATFORM_DIR)/Developer/Library/Frameworks";
				HEADER_SEARCH_PATHS = "";
				INFOPLIST_FILE = SwiftyStringExtension.xcodeproj/SwiftyStringExtension_Info.plist;
				IPHONEOS_DEPLOYMENT_TARGET = 8.0;
				LD_RUNPATH_SEARCH_PATHS = "$(TOOLCHAIN_DIR)/usr/lib/swift/macosx";
				OTHER_LDFLAGS = "$(inherited)";
				OTHER_SWIFT_FLAGS = "$(inherited)";
				PRODUCT_BUNDLE_IDENTIFIER = SwiftyStringExtension;
				PRODUCT_MODULE_NAME = "$(TARGET_NAME:c99extidentifier)";
				PRODUCT_NAME = "$(TARGET_NAME)";
				SDKROOT = macosx;
				SUPPORTED_PLATFORMS = macosx;
				SWIFT_ACTIVE_COMPILATION_CONDITIONS = SWIFT_PACKAGE;
				SWIFT_VERSION = 3.0;
				TARGET_NAME = SwiftyStringExtension;
			};
			name = Debug;
		};
		FE411C491DCEEA68008055B9 /* Release */ = {
			isa = XCBuildConfiguration;
			buildSettings = {
				ENABLE_TESTABILITY = YES;
				FRAMEWORK_SEARCH_PATHS = "$(PLATFORM_DIR)/Developer/Library/Frameworks";
				HEADER_SEARCH_PATHS = "";
				INFOPLIST_FILE = SwiftyStringExtension.xcodeproj/SwiftyStringExtension_Info.plist;
				IPHONEOS_DEPLOYMENT_TARGET = 8.0;
				LD_RUNPATH_SEARCH_PATHS = "$(TOOLCHAIN_DIR)/usr/lib/swift/macosx";
				OTHER_LDFLAGS = "$(inherited)";
				OTHER_SWIFT_FLAGS = "$(inherited)";
				PRODUCT_BUNDLE_IDENTIFIER = SwiftyStringExtension;
				PRODUCT_MODULE_NAME = "$(TARGET_NAME:c99extidentifier)";
				PRODUCT_NAME = "$(TARGET_NAME)";
				SDKROOT = macosx;
				SUPPORTED_PLATFORMS = macosx;
				SWIFT_ACTIVE_COMPILATION_CONDITIONS = SWIFT_PACKAGE;
				SWIFT_VERSION = 3.0;
				TARGET_NAME = SwiftyStringExtension;
			};
			name = Release;
		};
		FE411C561DCEEA72008055B9 /* Debug */ = {
			isa = XCBuildConfiguration;
			buildSettings = {
				EMBEDDED_CONTENT_CONTAINS_SWIFT = YES;
				FRAMEWORK_SEARCH_PATHS = "$(PLATFORM_DIR)/Developer/Library/Frameworks";
				HEADER_SEARCH_PATHS = "";
				INFOPLIST_FILE = SwiftyStringExtension.xcodeproj/SwiftyStringExtensionTests_Info.plist;
				LD_RUNPATH_SEARCH_PATHS = "@loader_path/../Frameworks";
				OTHER_LDFLAGS = "$(inherited)";
				OTHER_SWIFT_FLAGS = "$(inherited)";
				PRODUCT_NAME = "$(TARGET_NAME)";
				SUPPORTED_PLATFORMS = macosx;
				SWIFT_ACTIVE_COMPILATION_CONDITIONS = SWIFT_PACKAGE;
				SWIFT_VERSION = 3.0;
				TARGET_NAME = SwiftyStringExtensionTests;
			};
			name = Debug;
		};
		FE411C571DCEEA72008055B9 /* Release */ = {
			isa = XCBuildConfiguration;
			buildSettings = {
				EMBEDDED_CONTENT_CONTAINS_SWIFT = YES;
				FRAMEWORK_SEARCH_PATHS = "$(PLATFORM_DIR)/Developer/Library/Frameworks";
				HEADER_SEARCH_PATHS = "";
				INFOPLIST_FILE = SwiftyStringExtension.xcodeproj/SwiftyStringExtensionTests_Info.plist;
				LD_RUNPATH_SEARCH_PATHS = "@loader_path/../Frameworks";
				OTHER_LDFLAGS = "$(inherited)";
				OTHER_SWIFT_FLAGS = "$(inherited)";
				PRODUCT_NAME = "$(TARGET_NAME)";
				SUPPORTED_PLATFORMS = macosx;
				SWIFT_ACTIVE_COMPILATION_CONDITIONS = SWIFT_PACKAGE;
				SWIFT_VERSION = 3.0;
				TARGET_NAME = SwiftyStringExtensionTests;
			};
			name = Release;
		};
		OBJ_22 /* Debug */ = {
			isa = XCBuildConfiguration;
			buildSettings = {
				ENABLE_TESTABILITY = YES;
				FRAMEWORK_SEARCH_PATHS = "$(PLATFORM_DIR)/Developer/Library/Frameworks";
				HEADER_SEARCH_PATHS = "";
				INFOPLIST_FILE = SwiftyStringExtension.xcodeproj/SwiftyStringExtension_Info.plist;
				IPHONEOS_DEPLOYMENT_TARGET = 8.0;
				LD_RUNPATH_SEARCH_PATHS = "$(TOOLCHAIN_DIR)/usr/lib/swift/macosx";
				OTHER_LDFLAGS = "$(inherited)";
				OTHER_SWIFT_FLAGS = "$(inherited)";
				PRODUCT_BUNDLE_IDENTIFIER = SwiftyStringExtension;
				PRODUCT_MODULE_NAME = "$(TARGET_NAME:c99extidentifier)";
				PRODUCT_NAME = "$(TARGET_NAME:c99extidentifier)";
				SDKROOT = iphoneos;
				SUPPORTED_PLATFORMS = "iphonesimulator iphoneos";
				SWIFT_ACTIVE_COMPILATION_CONDITIONS = SWIFT_PACKAGE;
				SWIFT_VERSION = 3.0;
				TARGET_NAME = SwiftyStringExtension;
			};
			name = Debug;
		};
		OBJ_23 /* Release */ = {
			isa = XCBuildConfiguration;
			buildSettings = {
				ENABLE_TESTABILITY = YES;
				FRAMEWORK_SEARCH_PATHS = "$(PLATFORM_DIR)/Developer/Library/Frameworks";
				HEADER_SEARCH_PATHS = "";
				INFOPLIST_FILE = SwiftyStringExtension.xcodeproj/SwiftyStringExtension_Info.plist;
				IPHONEOS_DEPLOYMENT_TARGET = 8.0;
				LD_RUNPATH_SEARCH_PATHS = "$(TOOLCHAIN_DIR)/usr/lib/swift/macosx";
				OTHER_LDFLAGS = "$(inherited)";
				OTHER_SWIFT_FLAGS = "$(inherited)";
				PRODUCT_BUNDLE_IDENTIFIER = SwiftyStringExtension;
				PRODUCT_MODULE_NAME = "$(TARGET_NAME:c99extidentifier)";
				PRODUCT_NAME = "$(TARGET_NAME:c99extidentifier)";
				SDKROOT = iphoneos;
				SUPPORTED_PLATFORMS = "iphonesimulator iphoneos";
				SWIFT_ACTIVE_COMPILATION_CONDITIONS = SWIFT_PACKAGE;
				SWIFT_VERSION = 3.0;
				TARGET_NAME = SwiftyStringExtension;
			};
			name = Release;
		};
		OBJ_3 /* Debug */ = {
			isa = XCBuildConfiguration;
			buildSettings = {
				COMBINE_HIDPI_IMAGES = YES;
				COPY_PHASE_STRIP = NO;
				DEBUG_INFORMATION_FORMAT = dwarf;
				DYLIB_INSTALL_NAME_BASE = "@rpath";
				ENABLE_NS_ASSERTIONS = YES;
				GCC_OPTIMIZATION_LEVEL = 0;
				MACOSX_DEPLOYMENT_TARGET = 10.10;
				ONLY_ACTIVE_ARCH = YES;
				OTHER_SWIFT_FLAGS = "-DXcode";
				PRODUCT_NAME = "$(TARGET_NAME)";
				SUPPORTED_PLATFORMS = "macosx iphoneos iphonesimulator appletvos appletvsimulator watchos watchsimulator";
				SWIFT_OPTIMIZATION_LEVEL = "-Onone";
				USE_HEADERMAP = NO;
			};
			name = Debug;
		};
		OBJ_31 /* Debug */ = {
			isa = XCBuildConfiguration;
			buildSettings = {
				EMBEDDED_CONTENT_CONTAINS_SWIFT = YES;
				FRAMEWORK_SEARCH_PATHS = "$(PLATFORM_DIR)/Developer/Library/Frameworks";
				HEADER_SEARCH_PATHS = "";
				INFOPLIST_FILE = SwiftyStringExtension.xcodeproj/SwiftyStringExtensionTests_Info.plist;
				IPHONEOS_DEPLOYMENT_TARGET = 10.1;
				LD_RUNPATH_SEARCH_PATHS = "$(inherited) @loader_path/Frameworks @executable_path/Frameworks";
				OTHER_LDFLAGS = "$(inherited)";
				OTHER_SWIFT_FLAGS = "$(inherited)";
				SDKROOT = iphoneos;
				SUPPORTED_PLATFORMS = "iphonesimulator iphoneos";
				SWIFT_ACTIVE_COMPILATION_CONDITIONS = SWIFT_PACKAGE;
				SWIFT_VERSION = 3.0;
				TARGET_NAME = SwiftyStringExtensionTests;
			};
			name = Debug;
		};
		OBJ_32 /* Release */ = {
			isa = XCBuildConfiguration;
			buildSettings = {
				EMBEDDED_CONTENT_CONTAINS_SWIFT = YES;
				FRAMEWORK_SEARCH_PATHS = "$(PLATFORM_DIR)/Developer/Library/Frameworks";
				HEADER_SEARCH_PATHS = "";
				INFOPLIST_FILE = SwiftyStringExtension.xcodeproj/SwiftyStringExtensionTests_Info.plist;
				IPHONEOS_DEPLOYMENT_TARGET = 10.1;
				LD_RUNPATH_SEARCH_PATHS = "$(inherited) @loader_path/Frameworks @executable_path/Frameworks";
				OTHER_LDFLAGS = "$(inherited)";
				OTHER_SWIFT_FLAGS = "$(inherited)";
				SDKROOT = iphoneos;
				SUPPORTED_PLATFORMS = "iphonesimulator iphoneos";
				SWIFT_ACTIVE_COMPILATION_CONDITIONS = SWIFT_PACKAGE;
				SWIFT_VERSION = 3.0;
				TARGET_NAME = SwiftyStringExtensionTests;
			};
			name = Release;
		};
		OBJ_4 /* Release */ = {
			isa = XCBuildConfiguration;
			buildSettings = {
				COMBINE_HIDPI_IMAGES = YES;
				COPY_PHASE_STRIP = YES;
				DEBUG_INFORMATION_FORMAT = "dwarf-with-dsym";
				DYLIB_INSTALL_NAME_BASE = "@rpath";
				GCC_OPTIMIZATION_LEVEL = s;
				MACOSX_DEPLOYMENT_TARGET = 10.10;
				OTHER_SWIFT_FLAGS = "-DXcode";
				PRODUCT_NAME = "$(TARGET_NAME)";
				SUPPORTED_PLATFORMS = "macosx iphoneos iphonesimulator appletvos appletvsimulator watchos watchsimulator";
				SWIFT_OPTIMIZATION_LEVEL = "-O";
				USE_HEADERMAP = NO;
			};
			name = Release;
		};
/* End XCBuildConfiguration section */

/* Begin XCConfigurationList section */
		FE411C471DCEEA68008055B9 /* Build configuration list for PBXNativeTarget "SwiftyStringExtension-macOS" */ = {
			isa = XCConfigurationList;
			buildConfigurations = (
				FE411C481DCEEA68008055B9 /* Debug */,
				FE411C491DCEEA68008055B9 /* Release */,
			);
			defaultConfigurationIsVisible = 0;
			defaultConfigurationName = Debug;
		};
		FE411C551DCEEA72008055B9 /* Build configuration list for PBXNativeTarget "SwiftyStringExtensionTests-macOS" */ = {
			isa = XCConfigurationList;
			buildConfigurations = (
				FE411C561DCEEA72008055B9 /* Debug */,
				FE411C571DCEEA72008055B9 /* Release */,
			);
			defaultConfigurationIsVisible = 0;
			defaultConfigurationName = Debug;
		};
		OBJ_2 /* Build configuration list for PBXProject "SwiftyStringExtension" */ = {
			isa = XCConfigurationList;
			buildConfigurations = (
				OBJ_3 /* Debug */,
				OBJ_4 /* Release */,
			);
			defaultConfigurationIsVisible = 0;
			defaultConfigurationName = Debug;
		};
		OBJ_21 /* Build configuration list for PBXNativeTarget "SwiftyStringExtension-iOS" */ = {
			isa = XCConfigurationList;
			buildConfigurations = (
				OBJ_22 /* Debug */,
				OBJ_23 /* Release */,
			);
			defaultConfigurationIsVisible = 0;
			defaultConfigurationName = Debug;
		};
		OBJ_30 /* Build configuration list for PBXNativeTarget "SwiftyStringExtensionTests-iOS" */ = {
			isa = XCConfigurationList;
			buildConfigurations = (
				OBJ_31 /* Debug */,
				OBJ_32 /* Release */,
			);
			defaultConfigurationIsVisible = 0;
			defaultConfigurationName = Debug;
		};
/* End XCConfigurationList section */
	};
	rootObject = OBJ_1 /* Project object */;
}
